
Microsoft Visual Studio Solution File, Format Version 12.00
# Visual Studio Version 16
VisualStudioVersion = 16.0.31624.102
MinimumVisualStudioVersion = 10.0.40219.1
Project("{8BC9CEB8-8B4A-11D0-8D11-00A0C91BC942}") = "HairCuttingGL", "HairCuttingGL.vcxproj", "{F621CC5C-696D-4522-AAD3-8EAB2B32D48E}"
EndProject
Global
	GlobalSection(SolutionConfigurationPlatforms) = preSolution
		Debug|x64 = Debug|x64
		Debug|x86 = Debug|x86
		Release|x64 = Release|x64
		Release|x86 = Release|x86
	EndGlobalSection
	GlobalSection(ProjectConfigurationPlatforms) = postSolution
		{F621CC5C-696D-4522-AAD3-8EAB2B32D48E}.Debug|x64.ActiveCfg = Debug|x64
		{F621CC5C-696D-4522-AAD3-8EAB2B32D48E}.Debug|x64.Build.0 = Debug|x64
		{F621CC5C-696D-4522-AAD3-8EAB2B32D48E}.Debug|x86.ActiveCfg = Debug|Win32
		{F621CC5C-696D-4522-AAD3-8EAB2B32D48E}.Debug|x86.Build.0 = Debug|Win32
		{F621CC5C-696D-4522-AAD3-8EAB2B32D48E}.Release|x64.ActiveCfg = Release|x64
		{F621CC5C-696D-4522-AAD3-8EAB2B32D48E}.Release|x64.Build.0 = Release|x64
		{F621CC5C-696D-4522-AAD3-8EAB2B32D48E}.Release|x86.ActiveCfg = Release|Win32
		{F621CC5C-696D-4522-AAD3-8EAB2B32D48E}.Release|x86.Build.0 = Release|Win32
	EndGlobalSection
	GlobalSection(SolutionProperties) = preSolution
		HideSolutionNode = FALSE
	EndGlobalSection
	GlobalSection(ExtensibilityGlobals) = postSolution
		SolutionGuid = {2A3A9C19-D775-41FC-8DD3-870B6C97BB94}
	EndGlobalSection
EndGlobal
